packages:
  - name: audit_helper
    package: dbt-labs/audit_helper
    version: 0.12.1
  - name: dbt_utils
    package: dbt-labs/dbt_utils
    version: 1.3.0
  - git: https://github.com/dbt-labs/dbt-codegen.git
    name: codegen
    revision: 474f7a10582b74b03fa9c065847b6f0463d24c23
  - name: dbt_bigquery_monitoring
    package: bqbooster/dbt_bigquery_monitoring
    version: 0.22.0
sha1_hash: da96c4dd4c617276e004cbf5b8873d4f71cede7d
